
Microsoft Visual Studio Solution File, Format Version 12.00
# Visual Studio Version 17
VisualStudioVersion = 17.11.35312.102
MinimumVisualStudioVersion = 10.0.40219.1
Project("{9A19103F-16F7-4668-BE54-9A1E7A4F7556}") = "EventsService", "EventsService.csproj", "{8FD00199-EF8E-4D56-88F2-29AE4CE3F2B5}"
EndProject
Global
	GlobalSection(SolutionConfigurationPlatforms) = preSolution
		Debug|Any CPU = Debug|Any CPU
		Release|Any CPU = Release|Any CPU
	EndGlobalSection
	GlobalSection(ProjectConfigurationPlatforms) = postSolution
		{8FD00199-EF8E-4D56-88F2-29AE4CE3F2B5}.Debug|Any CPU.ActiveCfg = Debug|Any CPU
		{8FD00199-EF8E-4D56-88F2-29AE4CE3F2B5}.Debug|Any CPU.Build.0 = Debug|Any CPU
		{8FD00199-EF8E-4D56-88F2-29AE4CE3F2B5}.Release|Any CPU.ActiveCfg = Release|Any CPU
		{8FD00199-EF8E-4D56-88F2-29AE4CE3F2B5}.Release|Any CPU.Build.0 = Release|Any CPU
	EndGlobalSection
	GlobalSection(SolutionProperties) = preSolution
		HideSolutionNode = FALSE
	EndGlobalSection
	GlobalSection(ExtensibilityGlobals) = postSolution
		SolutionGuid = {49C085A8-BDE7-43B6-AA7B-ABA350D147E4}
	EndGlobalSection
EndGlobal
